
Microsoft Visual Studio Solution File, Format Version 12.00
# Visual Studio Version 17
VisualStudioVersion = 17.5.002.0
MinimumVisualStudioVersion = 10.0.40219.1
Project("{9A19103F-16F7-4668-BE54-9A1E7A4F7556}") = "AvaloniaOne", "AvaloniaOne.csproj", "{98C28E0B-583C-4F62-A5E3-88C41DF25C79}"
EndProject
Global
	GlobalSection(SolutionConfigurationPlatforms) = preSolution
		Debug|Any CPU = Debug|Any CPU
		Release|Any CPU = Release|Any CPU
	EndGlobalSection
	GlobalSection(ProjectConfigurationPlatforms) = postSolution
		{98C28E0B-583C-4F62-A5E3-88C41DF25C79}.Debug|Any CPU.ActiveCfg = Debug|Any CPU
		{98C28E0B-583C-4F62-A5E3-88C41DF25C79}.Debug|Any CPU.Build.0 = Debug|Any CPU
		{98C28E0B-583C-4F62-A5E3-88C41DF25C79}.Release|Any CPU.ActiveCfg = Release|Any CPU
		{98C28E0B-583C-4F62-A5E3-88C41DF25C79}.Release|Any CPU.Build.0 = Release|Any CPU
	EndGlobalSection
	GlobalSection(SolutionProperties) = preSolution
		HideSolutionNode = FALSE
	EndGlobalSection
	GlobalSection(ExtensibilityGlobals) = postSolution
		SolutionGuid = {3FF26512-A5EC-4F8E-A506-A8353509606C}
	EndGlobalSection
EndGlobal
